
Microsoft Visual Studio Solution File, Format Version 12.00
# Visual Studio Version 16
VisualStudioVersion = 16.0.31729.503
MinimumVisualStudioVersion = 10.0.40219.1
Project("{9A19103F-16F7-4668-BE54-9A1E7A4F7556}") = "VegaIT_Konteh_HackathonAPI", "VegaIT_Konteh_HackathonAPI\VegaIT_Konteh_HackathonAPI.csproj", "{B223C60B-3FF5-41D0-893D-CE8CC34638F1}"
	ProjectSection(ProjectDependencies) = postProject
		{5A336C41-49B0-4060-A08A-6317F507EFBA} = {5A336C41-49B0-4060-A08A-6317F507EFBA}
	EndProjectSection
EndProject
Project("{9A19103F-16F7-4668-BE54-9A1E7A4F7556}") = "VegaIT_Konteh_HakatonAPI.Data", "VegaIT_Konteh_HakatonAPI.Data\VegaIT_Konteh_HakatonAPI.Data.csproj", "{5A336C41-49B0-4060-A08A-6317F507EFBA}"
EndProject
Project("{FAE04EC0-301F-11D3-BF4B-00C04F79EFBC}") = "VegaIT_Konteh_Hakaton.Repository", "VegaIT_Konteh_Hakaton.Repository\VegaIT_Konteh_Hakaton.Repository.csproj", "{086D76FF-9426-4FA4-B471-7592DA701A87}"
EndProject
Global
	GlobalSection(SolutionConfigurationPlatforms) = preSolution
		Debug|Any CPU = Debug|Any CPU
		Release|Any CPU = Release|Any CPU
	EndGlobalSection
	GlobalSection(ProjectConfigurationPlatforms) = postSolution
		{B223C60B-3FF5-41D0-893D-CE8CC34638F1}.Debug|Any CPU.ActiveCfg = Debug|Any CPU
		{B223C60B-3FF5-41D0-893D-CE8CC34638F1}.Debug|Any CPU.Build.0 = Debug|Any CPU
		{B223C60B-3FF5-41D0-893D-CE8CC34638F1}.Release|Any CPU.ActiveCfg = Release|Any CPU
		{B223C60B-3FF5-41D0-893D-CE8CC34638F1}.Release|Any CPU.Build.0 = Release|Any CPU
		{5A336C41-49B0-4060-A08A-6317F507EFBA}.Debug|Any CPU.ActiveCfg = Debug|Any CPU
		{5A336C41-49B0-4060-A08A-6317F507EFBA}.Debug|Any CPU.Build.0 = Debug|Any CPU
		{5A336C41-49B0-4060-A08A-6317F507EFBA}.Release|Any CPU.ActiveCfg = Release|Any CPU
		{5A336C41-49B0-4060-A08A-6317F507EFBA}.Release|Any CPU.Build.0 = Release|Any CPU
		{086D76FF-9426-4FA4-B471-7592DA701A87}.Debug|Any CPU.ActiveCfg = Debug|Any CPU
		{086D76FF-9426-4FA4-B471-7592DA701A87}.Debug|Any CPU.Build.0 = Debug|Any CPU
		{086D76FF-9426-4FA4-B471-7592DA701A87}.Release|Any CPU.ActiveCfg = Release|Any CPU
		{086D76FF-9426-4FA4-B471-7592DA701A87}.Release|Any CPU.Build.0 = Release|Any CPU
	EndGlobalSection
	GlobalSection(SolutionProperties) = preSolution
		HideSolutionNode = FALSE
	EndGlobalSection
	GlobalSection(ExtensibilityGlobals) = postSolution
		SolutionGuid = {B09C8032-C81D-45D5-90FB-0A5B963ABD2D}
	EndGlobalSection
EndGlobal
